// !$*UTF8*$!
{
	archiveVersion = 1;
	classes = {
	};
	objectVersion = 46;
	objects = {

/* Begin PBXBuildFile section */
		85584D481BE317BF004F4EBD /* main.m in Sources */ = {isa = PBXBuildFile; fileRef = 85584D471BE317BF004F4EBD /* main.m */; };
		85584D4B1BE317BF004F4EBD /* AppDelegate.m in Sources */ = {isa = PBXBuildFile; fileRef = 85584D4A1BE317BF004F4EBD /* AppDelegate.m */; };
		85584D4E1BE317BF004F4EBD /* ViewController.m in Sources */ = {isa = PBXBuildFile; fileRef = 85584D4D1BE317BF004F4EBD /* ViewController.m */; };
		85584D511BE317BF004F4EBD /* Main.storyboard in Resources */ = {isa = PBXBuildFile; fileRef = 85584D4F1BE317BF004F4EBD /* Main.storyboard */; };
		85584D531BE317BF004F4EBD /* Assets.xcassets in Resources */ = {isa = PBXBuildFile; fileRef = 85584D521BE317BF004F4EBD /* Assets.xcassets */; };
		85584D561BE317BF004F4EBD /* LaunchScreen.storyboard in Resources */ = {isa = PBXBuildFile; fileRef = 85584D541BE317BF004F4EBD /* LaunchScreen.storyboard */; };
		85584D611BE317BF004F4EBD /* Day17_2_GitHubTests.m in Sources */ = {isa = PBXBuildFile; fileRef = 85584D601BE317BF004F4EBD /* Day17_2_GitHubTests.m */; };
		85584D6C1BE317BF004F4EBD /* Day17_2_GitHubUITests.m in Sources */ = {isa = PBXBuildFile; fileRef = 85584D6B1BE317BF004F4EBD /* Day17_2_GitHubUITests.m */; };
/* End PBXBuildFile section */

/* Begin PBXContainerItemProxy section */
		85584D5D1BE317BF004F4EBD /* PBXContainerItemProxy */ = {
			isa = PBXContainerItemProxy;
			containerPortal = 85584D3B1BE317BF004F4EBD /* Project object */;
			proxyType = 1;
			remoteGlobalIDString = 85584D421BE317BF004F4EBD;
			remoteInfo = Day17_2_GitHub;
		};
		85584D681BE317BF004F4EBD /* PBXContainerItemProxy */ = {
			isa = PBXContainerItemProxy;
			containerPortal = 85584D3B1BE317BF004F4EBD /* Project object */;
			proxyType = 1;
			remoteGlobalIDString = 85584D421BE317BF004F4EBD;
			remoteInfo = Day17_2_GitHub;
		};
/* End PBXContainerItemProxy section */

/* Begin PBXFileReference section */
		85584D431BE317BF004F4EBD /* Day17_2_GitHub.app */ = {isa = PBXFileReference; explicitFileType = wrapper.application; includeInIndex = 0; path = Day17_2_GitHub.app; sourceTree = BUILT_PRODUCTS_DIR; };
		85584D471BE317BF004F4EBD /* main.m */ = {isa = PBXFileReference; lastKnownFileType = sourcecode.c.objc; path = main.m; sourceTree = "<group>"; };
		85584D491BE317BF004F4EBD /* AppDelegate.h */ = {isa = PBXFileReference; lastKnownFileType = sourcecode.c.h; path = AppDelegate.h; sourceTree = "<group>"; };
		85584D4A1BE317BF004F4EBD /* AppDelegate.m */ = {isa = PBXFileReference; lastKnownFileType = sourcecode.c.objc; path = AppDelegate.m; sourceTree = "<group>"; };
		85584D4C1BE317BF004F4EBD /* ViewController.h */ = {isa = PBXFileReference; lastKnownFileType = sourcecode.c.h; path = ViewController.h; sourceTree = "<group>"; };
		85584D4D1BE317BF004F4EBD /* ViewController.m */ = {isa = PBXFileReference; lastKnownFileType = sourcecode.c.objc; path = ViewController.m; sourceTree = "<group>"; };
		85584D501BE317BF004F4EBD /* Base */ = {isa = PBXFileReference; lastKnownFileType = file.storyboard; name = Base; path = Base.lproj/Main.storyboard; sourceTree = "<group>"; };
		85584D521BE317BF004F4EBD /* Assets.xcassets */ = {isa = PBXFileReference; lastKnownFileType = folder.assetcatalog; path = Assets.xcassets; sourceTree = "<group>"; };
		85584D551BE317BF004F4EBD /* Base */ = {isa = PBXFileReference; lastKnownFileType = file.storyboard; name = Base; path = Base.lproj/LaunchScreen.storyboard; sourceTree = "<group>"; };
		85584D571BE317BF004F4EBD /* Info.plist */ = {isa = PBXFileReference; lastKnownFileType = text.plist.xml; path = Info.plist; sourceTree = "<group>"; };
		85584D5C1BE317BF004F4EBD /* Day17_2_GitHubTests.xctest */ = {isa = PBXFileReference; explicitFileType = wrapper.cfbundle; includeInIndex = 0; path = Day17_2_GitHubTests.xctest; sourceTree = BUILT_PRODUCTS_DIR; };
		85584D601BE317BF004F4EBD /* Day17_2_GitHubTests.m */ = {isa = PBXFileReference; lastKnownFileType = sourcecode.c.objc; path = Day17_2_GitHubTests.m; sourceTree = "<group>"; };
		85584D621BE317BF004F4EBD /* Info.plist */ = {isa = PBXFileReference; lastKnownFileType = text.plist.xml; path = Info.plist; sourceTree = "<group>"; };
		85584D671BE317BF004F4EBD /* Day17_2_GitHubUITests.xctest */ = {isa = PBXFileReference; explicitFileType = wrapper.cfbundle; includeInIndex = 0; path = Day17_2_GitHubUITests.xctest; sourceTree = BUILT_PRODUCTS_DIR; };
		85584D6B1BE317BF004F4EBD /* Day17_2_GitHubUITests.m */ = {isa = PBXFileReference; lastKnownFileType = sourcecode.c.objc; path = Day17_2_GitHubUITests.m; sourceTree = "<group>"; };
		85584D6D1BE317BF004F4EBD /* Info.plist */ = {isa = PBXFileReference; lastKnownFileType = text.plist.xml; path = Info.plist; sourceTree = "<group>"; };
/* End PBXFileReference section */

/* Begin PBXFrameworksBuildPhase section */
		85584D401BE317BF004F4EBD /* Frameworks */ = {
			isa = PBXFrameworksBuildPhase;
			buildActionMask = 2147483647;
			files = (
			);
			runOnlyForDeploymentPostprocessing = 0;
		};
		85584D591BE317BF004F4EBD /* Frameworks */ = {
			isa = PBXFrameworksBuildPhase;
			buildActionMask = 2147483647;
			files = (
			);
			runOnlyForDeploymentPostprocessing = 0;
		};
		85584D641BE317BF004F4EBD /* Frameworks */ = {
			isa = PBXFrameworksBuildPhase;
			buildActionMask = 2147483647;
			files = (
			);
			runOnlyForDeploymentPostprocessing = 0;
		};
/* End PBXFrameworksBuildPhase section */

/* Begin PBXGroup section */
		85584D3A1BE317BF004F4EBD = {
			isa = PBXGroup;
			children = (
				85584D451BE317BF004F4EBD /* Day17_2_GitHub */,
				85584D5F1BE317BF004F4EBD /* Day17_2_GitHubTests */,
				85584D6A1BE317BF004F4EBD /* Day17_2_GitHubUITests */,
				85584D441BE317BF004F4EBD /* Products */,
			);
			sourceTree = "<group>";
		};
		85584D441BE317BF004F4EBD /* Products */ = {
			isa = PBXGroup;
			children = (
				85584D431BE317BF004F4EBD /* Day17_2_GitHub.app */,
				85584D5C1BE317BF004F4EBD /* Day17_2_GitHubTests.xctest */,
				85584D671BE317BF004F4EBD /* Day17_2_GitHubUITests.xctest */,
			);
			name = Products;
			sourceTree = "<group>";
		};
		85584D451BE317BF004F4EBD /* Day17_2_GitHub */ = {
			isa = PBXGroup;
			children = (
				85584D491BE317BF004F4EBD /* AppDelegate.h */,
				85584D4A1BE317BF004F4EBD /* AppDelegate.m */,
				85584D4C1BE317BF004F4EBD /* ViewController.h */,
				85584D4D1BE317BF004F4EBD /* ViewController.m */,
				85584D4F1BE317BF004F4EBD /* Main.storyboard */,
				85584D521BE317BF004F4EBD /* Assets.xcassets */,
				85584D541BE317BF004F4EBD /* LaunchScreen.storyboard */,
				85584D571BE317BF004F4EBD /* Info.plist */,
				85584D461BE317BF004F4EBD /* Supporting Files */,
			);
			path = Day17_2_GitHub;
			sourceTree = "<group>";
		};
		85584D461BE317BF004F4EBD /* Supporting Files */ = {
			isa = PBXGroup;
			children = (
				85584D471BE317BF004F4EBD /* main.m */,
			);
			name = "Supporting Files";
			sourceTree = "<group>";
		};
		85584D5F1BE317BF004F4EBD /* Day17_2_GitHubTests */ = {
			isa = PBXGroup;
			children = (
				85584D601BE317BF004F4EBD /* Day17_2_GitHubTests.m */,
				85584D621BE317BF004F4EBD /* Info.plist */,
			);
			path = Day17_2_GitHubTests;
			sourceTree = "<group>";
		};
		85584D6A1BE317BF004F4EBD /* Day17_2_GitHubUITests */ = {
			isa = PBXGroup;
			children = (
				85584D6B1BE317BF004F4EBD /* Day17_2_GitHubUITests.m */,
				85584D6D1BE317BF004F4EBD /* Info.plist */,
			);
			path = Day17_2_GitHubUITests;
			sourceTree = "<group>";
		};
/* End PBXGroup section */

/* Begin PBXNativeTarget section */
		85584D421BE317BF004F4EBD /* Day17_2_GitHub */ = {
			isa = PBXNativeTarget;
			buildConfigurationList = 85584D701BE317BF004F4EBD /* Build configuration list for PBXNativeTarget "Day17_2_GitHub" */;
			buildPhases = (
				85584D3F1BE317BF004F4EBD /* Sources */,
				85584D401BE317BF004F4EBD /* Frameworks */,
				85584D411BE317BF004F4EBD /* Resources */,
			);
			buildRules = (
			);
			dependencies = (
			);
			name = Day17_2_GitHub;
			productName = Day17_2_GitHub;
			productReference = 85584D431BE317BF004F4EBD /* Day17_2_GitHub.app */;
			productType = "com.apple.product-type.application";
		};
		85584D5B1BE317BF004F4EBD /* Day17_2_GitHubTests */ = {
			isa = PBXNativeTarget;
			buildConfigurationList = 85584D731BE317BF004F4EBD /* Build configuration list for PBXNativeTarget "Day17_2_GitHubTests" */;
			buildPhases = (
				85584D581BE317BF004F4EBD /* Sources */,
				85584D591BE317BF004F4EBD /* Frameworks */,
				85584D5A1BE317BF004F4EBD /* Resources */,
			);
			buildRules = (
			);
			dependencies = (
				85584D5E1BE317BF004F4EBD /* PBXTargetDependency */,
			);
			name = Day17_2_GitHubTests;
			productName = Day17_2_GitHubTests;
			productReference = 85584D5C1BE317BF004F4EBD /* Day17_2_GitHubTests.xctest */;
			productType = "com.apple.product-type.bundle.unit-test";
		};
		85584D661BE317BF004F4EBD /* Day17_2_GitHubUITests */ = {
			isa = PBXNativeTarget;
			buildConfigurationList = 85584D761BE317BF004F4EBD /* Build configuration list for PBXNativeTarget "Day17_2_GitHubUITests" */;
			buildPhases = (
				85584D631BE317BF004F4EBD /* Sources */,
				85584D641BE317BF004F4EBD /* Frameworks */,
				85584D651BE317BF004F4EBD /* Resources */,
			);
			buildRules = (
			);
			dependencies = (
				85584D691BE317BF004F4EBD /* PBXTargetDependency */,
			);
			name = Day17_2_GitHubUITests;
			productName = Day17_2_GitHubUITests;
			productReference = 85584D671BE317BF004F4EBD /* Day17_2_GitHubUITests.xctest */;
			productType = "com.apple.product-type.bundle.ui-testing";
		};
/* End PBXNativeTarget section */

/* Begin PBXProject section */
		85584D3B1BE317BF004F4EBD /* Project object */ = {
			isa = PBXProject;
			attributes = {
				LastUpgradeCheck = 0710;
				ORGANIZATIONNAME = tarena;
				TargetAttributes = {
					85584D421BE317BF004F4EBD = {
						CreatedOnToolsVersion = 7.1;
					};
					85584D5B1BE317BF004F4EBD = {
						CreatedOnToolsVersion = 7.1;
						TestTargetID = 85584D421BE317BF004F4EBD;
					};
					85584D661BE317BF004F4EBD = {
						CreatedOnToolsVersion = 7.1;
						TestTargetID = 85584D421BE317BF004F4EBD;
					};
				};
			};
			buildConfigurationList = 85584D3E1BE317BF004F4EBD /* Build configuration list for PBXProject "Day17_2_GitHub" */;
			compatibilityVersion = "Xcode 3.2";
			developmentRegion = English;
			hasScannedForEncodings = 0;
			knownRegions = (
				en,
				Base,
			);
			mainGroup = 85584D3A1BE317BF004F4EBD;
			productRefGroup = 85584D441BE317BF004F4EBD /* Products */;
			projectDirPath = "";
			projectRoot = "";
			targets = (
				85584D421BE317BF004F4EBD /* Day17_2_GitHub */,
				85584D5B1BE317BF004F4EBD /* Day17_2_GitHubTests */,
				85584D661BE317BF004F4EBD /* Day17_2_GitHubUITests */,
			);
		};
/* End PBXProject section */

/* Begin PBXResourcesBuildPhase section */
		85584D411BE317BF004F4EBD /* Resources */ = {
			isa = PBXResourcesBuildPhase;
			buildActionMask = 2147483647;
			files = (
				85584D561BE317BF004F4EBD /* LaunchScreen.storyboard in Resources */,
				85584D531BE317BF004F4EBD /* Assets.xcassets in Resources */,
				85584D511BE317BF004F4EBD /* Main.storyboard in Resources */,
			);
			runOnlyForDeploymentPostprocessing = 0;
		};
		85584D5A1BE317BF004F4EBD /* Resources */ = {
			isa = PBXResourcesBuildPhase;
			buildActionMask = 2147483647;
			files = (
			);
			runOnlyForDeploymentPostprocessing = 0;
		};
		85584D651BE317BF004F4EBD /* Resources */ = {
			isa = PBXResourcesBuildPhase;
			buildActionMask = 2147483647;
			files = (
			);
			runOnlyForDeploymentPostprocessing = 0;
		};
/* End PBXResourcesBuildPhase section */

/* Begin PBXSourcesBuildPhase section */
		85584D3F1BE317BF004F4EBD /* Sources */ = {
			isa = PBXSourcesBuildPhase;
			buildActionMask = 2147483647;
			files = (
				85584D4E1BE317BF004F4EBD /* ViewController.m in Sources */,
				85584D4B1BE317BF004F4EBD /* AppDelegate.m in Sources */,
				85584D481BE317BF004F4EBD /* main.m in Sources */,
			);
			runOnlyForDeploymentPostprocessing = 0;
		};
		85584D581BE317BF004F4EBD /* Sources */ = {
			isa = PBXSourcesBuildPhase;
			buildActionMask = 2147483647;
			files = (
				85584D611BE317BF004F4EBD /* Day17_2_GitHubTests.m in Sources */,
			);
			runOnlyForDeploymentPostprocessing = 0;
		};
		85584D631BE317BF004F4EBD /* Sources */ = {
			isa = PBXSourcesBuildPhase;
			buildActionMask = 2147483647;
			files = (
				85584D6C1BE317BF004F4EBD /* Day17_2_GitHubUITests.m in Sources */,
			);
			runOnlyForDeploymentPostprocessing = 0;
		};
/* End PBXSourcesBuildPhase section */

/* Begin PBXTargetDependency section */
		85584D5E1BE317BF004F4EBD /* PBXTargetDependency */ = {
			isa = PBXTargetDependency;
			target = 85584D421BE317BF004F4EBD /* Day17_2_GitHub */;
			targetProxy = 85584D5D1BE317BF004F4EBD /* PBXContainerItemProxy */;
		};
		85584D691BE317BF004F4EBD /* PBXTargetDependency */ = {
			isa = PBXTargetDependency;
			target = 85584D421BE317BF004F4EBD /* Day17_2_GitHub */;
			targetProxy = 85584D681BE317BF004F4EBD /* PBXContainerItemProxy */;
		};
/* End PBXTargetDependency section */

/* Begin PBXVariantGroup section */
		85584D4F1BE317BF004F4EBD /* Main.storyboard */ = {
			isa = PBXVariantGroup;
			children = (
				85584D501BE317BF004F4EBD /* Base */,
			);
			name = Main.storyboard;
			sourceTree = "<group>";
		};
		85584D541BE317BF004F4EBD /* LaunchScreen.storyboard */ = {
			isa = PBXVariantGroup;
			children = (
				85584D551BE317BF004F4EBD /* Base */,
			);
			name = LaunchScreen.storyboard;
			sourceTree = "<group>";
		};
/* End PBXVariantGroup section */

/* Begin XCBuildConfiguration section */
		85584D6E1BE317BF004F4EBD /* Debug */ = {
			isa = XCBuildConfiguration;
			buildSettings = {
				ALWAYS_SEARCH_USER_PATHS = NO;
				CLANG_CXX_LANGUAGE_STANDARD = "gnu++0x";
				CLANG_CXX_LIBRARY = "libc++";
				CLANG_ENABLE_MODULES = YES;
				CLANG_ENABLE_OBJC_ARC = YES;
				CLANG_WARN_BOOL_CONVERSION = YES;
				CLANG_WARN_CONSTANT_CONVERSION = YES;
				CLANG_WARN_DIRECT_OBJC_ISA_USAGE = YES_ERROR;
				CLANG_WARN_EMPTY_BODY = YES;
				CLANG_WARN_ENUM_CONVERSION = YES;
				CLANG_WARN_INT_CONVERSION = YES;
				CLANG_WARN_OBJC_ROOT_CLASS = YES_ERROR;
				CLANG_WARN_UNREACHABLE_CODE = YES;
				CLANG_WARN__DUPLICATE_METHOD_MATCH = YES;
				"CODE_SIGN_IDENTITY[sdk=iphoneos*]" = "iPhone Developer";
				COPY_PHASE_STRIP = NO;
				DEBUG_INFORMATION_FORMAT = dwarf;
				ENABLE_STRICT_OBJC_MSGSEND = YES;
				ENABLE_TESTABILITY = YES;
				GCC_C_LANGUAGE_STANDARD = gnu99;
				GCC_DYNAMIC_NO_PIC = NO;
				GCC_NO_COMMON_BLOCKS = YES;
				GCC_OPTIMIZATION_LEVEL = 0;
				GCC_PREPROCESSOR_DEFINITIONS = (
					"DEBUG=1",
					"$(inherited)",
				);
				GCC_WARN_64_TO_32_BIT_CONVERSION = YES;
				GCC_WARN_ABOUT_RETURN_TYPE = YES_ERROR;
				GCC_WARN_UNDECLARED_SELECTOR = YES;
				GCC_WARN_UNINITIALIZED_AUTOS = YES_AGGRESSIVE;
				GCC_WARN_UNUSED_FUNCTION = YES;
				GCC_WARN_UNUSED_VARIABLE = YES;
				IPHONEOS_DEPLOYMENT_TARGET = 9.1;
				MTL_ENABLE_DEBUG_INFO = YES;
				ONLY_ACTIVE_ARCH = YES;
				SDKROOT = iphoneos;
			};
			name = Debug;
		};
		85584D6F1BE317BF004F4EBD /* Release */ = {
			isa = XCBuildConfiguration;
			buildSettings = {
				ALWAYS_SEARCH_USER_PATHS = NO;
				CLANG_CXX_LANGUAGE_STANDARD = "gnu++0x";
				CLANG_CXX_LIBRARY = "libc++";
				CLANG_ENABLE_MODULES = YES;
				CLANG_ENABLE_OBJC_ARC = YES;
				CLANG_WARN_BOOL_CONVERSION = YES;
				CLANG_WARN_CONSTANT_CONVERSION = YES;
				CLANG_WARN_DIRECT_OBJC_ISA_USAGE = YES_ERROR;
				CLANG_WARN_EMPTY_BODY = YES;
				CLANG_WARN_ENUM_CONVERSION = YES;
				CLANG_WARN_INT_CONVERSION = YES;
				CLANG_WARN_OBJC_ROOT_CLASS = YES_ERROR;
				CLANG_WARN_UNREACHABLE_CODE = YES;
				CLANG_WARN__DUPLICATE_METHOD_MATCH = YES;
				"CODE_SIGN_IDENTITY[sdk=iphoneos*]" = "iPhone Developer";
				COPY_PHASE_STRIP = NO;
				DEBUG_INFORMATION_FORMAT = "dwarf-with-dsym";
				ENABLE_NS_ASSERTIONS = NO;
				ENABLE_STRICT_OBJC_MSGSEND = YES;
				GCC_C_LANGUAGE_STANDARD = gnu99;
				GCC_NO_COMMON_BLOCKS = YES;
				GCC_WARN_64_TO_32_BIT_CONVERSION = YES;
				GCC_WARN_ABOUT_RETURN_TYPE = YES_ERROR;
				GCC_WARN_UNDECLARED_SELECTOR = YES;
				GCC_WARN_UNINITIALIZED_AUTOS = YES_AGGRESSIVE;
				GCC_WARN_UNUSED_FUNCTION = YES;
				GCC_WARN_UNUSED_VARIABLE = YES;
				IPHONEOS_DEPLOYMENT_TARGET = 9.1;
				MTL_ENABLE_DEBUG_INFO = NO;
				SDKROOT = iphoneos;
				VALIDATE_PRODUCT = YES;
			};
			name = Release;
		};
		85584D711BE317BF004F4EBD /* Debug */ = {
			isa = XCBuildConfiguration;
			buildSettings = {
				ASSETCATALOG_COMPILER_APPICON_NAME = AppIcon;
				INFOPLIST_FILE = Day17_2_GitHub/Info.plist;
				LD_RUNPATH_SEARCH_PATHS = "$(inherited) @executable_path/Frameworks";
				PRODUCT_BUNDLE_IDENTIFIER = "com.tarena.Day17-2-GitHub";
				PRODUCT_NAME = "$(TARGET_NAME)";
			};
			name = Debug;
		};
		85584D721BE317BF004F4EBD /* Release */ = {
			isa = XCBuildConfiguration;
			buildSettings = {
				ASSETCATALOG_COMPILER_APPICON_NAME = AppIcon;
				INFOPLIST_FILE = Day17_2_GitHub/Info.plist;
				LD_RUNPATH_SEARCH_PATHS = "$(inherited) @executable_path/Frameworks";
				PRODUCT_BUNDLE_IDENTIFIER = "com.tarena.Day17-2-GitHub";
				PRODUCT_NAME = "$(TARGET_NAME)";
			};
			name = Release;
		};
		85584D741BE317BF004F4EBD /* Debug */ = {
			isa = XCBuildConfiguration;
			buildSettings = {
				BUNDLE_LOADER = "$(TEST_HOST)";
				INFOPLIST_FILE = Day17_2_GitHubTests/Info.plist;
				LD_RUNPATH_SEARCH_PATHS = "$(inherited) @executable_path/Frameworks @loader_path/Frameworks";
				PRODUCT_BUNDLE_IDENTIFIER = "com.tarena.Day17-2-GitHubTests";
				PRODUCT_NAME = "$(TARGET_NAME)";
				TEST_HOST = "$(BUILT_PRODUCTS_DIR)/Day17_2_GitHub.app/Day17_2_GitHub";
			};
			name = Debug;
		};
		85584D751BE317BF004F4EBD /* Release */ = {
			isa = XCBuildConfiguration;
			buildSettings = {
				BUNDLE_LOADER = "$(TEST_HOST)";
				INFOPLIST_FILE = Day17_2_GitHubTests/Info.plist;
				LD_RUNPATH_SEARCH_PATHS = "$(inherited) @executable_path/Frameworks @loader_path/Frameworks";
				PRODUCT_BUNDLE_IDENTIFIER = "com.tarena.Day17-2-GitHubTests";
				PRODUCT_NAME = "$(TARGET_NAME)";
				TEST_HOST = "$(BUILT_PRODUCTS_DIR)/Day17_2_GitHub.app/Day17_2_GitHub";
			};
			name = Release;
		};
		85584D771BE317BF004F4EBD /* Debug */ = {
			isa = XCBuildConfiguration;
			buildSettings = {
				INFOPLIST_FILE = Day17_2_GitHubUITests/Info.plist;
				LD_RUNPATH_SEARCH_PATHS = "$(inherited) @executable_path/Frameworks @loader_path/Frameworks";
				PRODUCT_BUNDLE_IDENTIFIER = "com.tarena.Day17-2-GitHubUITests";
				PRODUCT_NAME = "$(TARGET_NAME)";
				TEST_TARGET_NAME = Day17_2_GitHub;
				USES_XCTRUNNER = YES;
			};
			name = Debug;
		};
		85584D781BE317BF004F4EBD /* Release */ = {
			isa = XCBuildConfiguration;
			buildSettings = {
				INFOPLIST_FILE = Day17_2_GitHubUITests/Info.plist;
				LD_RUNPATH_SEARCH_PATHS = "$(inherited) @executable_path/Frameworks @loader_path/Frameworks";
				PRODUCT_BUNDLE_IDENTIFIER = "com.tarena.Day17-2-GitHubUITests";
				PRODUCT_NAME = "$(TARGET_NAME)";
				TEST_TARGET_NAME = Day17_2_GitHub;
				USES_XCTRUNNER = YES;
			};
			name = Release;
		};
/* End XCBuildConfiguration section */

/* Begin XCConfigurationList section */
		85584D3E1BE317BF004F4EBD /* Build configuration list for PBXProject "Day17_2_GitHub" */ = {
			isa = XCConfigurationList;
			buildConfigurations = (
				85584D6E1BE317BF004F4EBD /* Debug */,
				85584D6F1BE317BF004F4EBD /* Release */,
			);
			defaultConfigurationIsVisible = 0;
			defaultConfigurationName = Release;
		};
		85584D701BE317BF004F4EBD /* Build configuration list for PBXNativeTarget "Day17_2_GitHub" */ = {
			isa = XCConfigurationList;
			buildConfigurations = (
				85584D711BE317BF004F4EBD /* Debug */,
				85584D721BE317BF004F4EBD /* Release */,
			);
			defaultConfigurationIsVisible = 0;
		};
		85584D731BE317BF004F4EBD /* Build configuration list for PBXNativeTarget "Day17_2_GitHubTests" */ = {
			isa = XCConfigurationList;
			buildConfigurations = (
				85584D741BE317BF004F4EBD /* Debug */,
				85584D751BE317BF004F4EBD /* Release */,
			);
			defaultConfigurationIsVisible = 0;
		};
		85584D761BE317BF004F4EBD /* Build configuration list for PBXNativeTarget "Day17_2_GitHubUITests" */ = {
			isa = XCConfigurationList;
			buildConfigurations = (
				85584D771BE317BF004F4EBD /* Debug */,
				85584D781BE317BF004F4EBD /* Release */,
			);
			defaultConfigurationIsVisible = 0;
		};
/* End XCConfigurationList section */
	};
	rootObject = 85584D3B1BE317BF004F4EBD /* Project object */;
}
